
Microsoft Visual Studio Solution File, Format Version 12.00
# Visual Studio Version 16
VisualStudioVersion = 16.0.29613.14
MinimumVisualStudioVersion = 10.0.40219.1
Project("{FAE04EC0-301F-11D3-BF4B-00C04F79EFBC}") = "Tokenizer", "Tokenizer\Tokenizer.csproj", "{C4A67C61-49A9-41D7-88E5-81784A3C48F9}"
EndProject
Global
	GlobalSection(SolutionConfigurationPlatforms) = preSolution
		Debug|Any CPU = Debug|Any CPU
		Release|Any CPU = Release|Any CPU
	EndGlobalSection
	GlobalSection(ProjectConfigurationPlatforms) = postSolution
		{C4A67C61-49A9-41D7-88E5-81784A3C48F9}.Debug|Any CPU.ActiveCfg = Debug|Any CPU
		{C4A67C61-49A9-41D7-88E5-81784A3C48F9}.Debug|Any CPU.Build.0 = Debug|Any CPU
		{C4A67C61-49A9-41D7-88E5-81784A3C48F9}.Release|Any CPU.ActiveCfg = Release|Any CPU
		{C4A67C61-49A9-41D7-88E5-81784A3C48F9}.Release|Any CPU.Build.0 = Release|Any CPU
	EndGlobalSection
	GlobalSection(SolutionProperties) = preSolution
		HideSolutionNode = FALSE
	EndGlobalSection
	GlobalSection(ExtensibilityGlobals) = postSolution
		SolutionGuid = {8AB350B0-D9BB-4A08-8D70-6B30A37F71C4}
	EndGlobalSection
EndGlobal
